
Microsoft Visual Studio Solution File, Format Version 12.00
# Visual Studio Version 16
VisualStudioVersion = 16.0.31424.327
MinimumVisualStudioVersion = 10.0.40219.1
Project("{9A19103F-16F7-4668-BE54-9A1E7A4F7556}") = "WizardApi", "WizardApi\WizardApi.csproj", "{9E251816-8E30-4BB3-BA6A-A5927E6F0688}"
EndProject
Project("{FAE04EC0-301F-11D3-BF4B-00C04F79EFBC}") = "WizardApi.Tests", "WizardApi.Tests\WizardApi.Tests.csproj", "{50539F60-2207-4398-8C53-7B1A9226C815}"
EndProject
Global
	GlobalSection(SolutionConfigurationPlatforms) = preSolution
		Debug|Any CPU = Debug|Any CPU
		Release|Any CPU = Release|Any CPU
	EndGlobalSection
	GlobalSection(ProjectConfigurationPlatforms) = postSolution
		{9E251816-8E30-4BB3-BA6A-A5927E6F0688}.Debug|Any CPU.ActiveCfg = Debug|Any CPU
		{9E251816-8E30-4BB3-BA6A-A5927E6F0688}.Debug|Any CPU.Build.0 = Debug|Any CPU
		{9E251816-8E30-4BB3-BA6A-A5927E6F0688}.Release|Any CPU.ActiveCfg = Release|Any CPU
		{9E251816-8E30-4BB3-BA6A-A5927E6F0688}.Release|Any CPU.Build.0 = Release|Any CPU
		{50539F60-2207-4398-8C53-7B1A9226C815}.Debug|Any CPU.ActiveCfg = Debug|Any CPU
		{50539F60-2207-4398-8C53-7B1A9226C815}.Debug|Any CPU.Build.0 = Debug|Any CPU
		{50539F60-2207-4398-8C53-7B1A9226C815}.Release|Any CPU.ActiveCfg = Release|Any CPU
		{50539F60-2207-4398-8C53-7B1A9226C815}.Release|Any CPU.Build.0 = Release|Any CPU
	EndGlobalSection
	GlobalSection(SolutionProperties) = preSolution
		HideSolutionNode = FALSE
	EndGlobalSection
	GlobalSection(ExtensibilityGlobals) = postSolution
		SolutionGuid = {BCD92B60-18A5-43BF-80AD-BCDCDA5A6BB1}
	EndGlobalSection
EndGlobal
